
Microsoft Visual Studio Solution File, Format Version 12.00
# Visual Studio Version 17
VisualStudioVersion = 17.0.31903.59
MinimumVisualStudioVersion = 10.0.40219.1
Project("{2150E333-8FDC-42A3-9474-1A3956D46DE8}") = "src", "src", "{827E0CD3-B72D-47B6-A68D-7590B98EB39B}"
EndProject
Project("{FAE04EC0-301F-11D3-BF4B-00C04F79EFBC}") = "SessionGuard.App", "src\SessionGuard.App\SessionGuard.App.csproj", "{7FB4B8C8-E6CD-499A-884C-6742D0A1E8A8}"
EndProject
Project("{FAE04EC0-301F-11D3-BF4B-00C04F79EFBC}") = "SessionGuard.Core", "src\SessionGuard.Core\SessionGuard.Core.csproj", "{8ACF20C4-2DF5-4857-96F5-2A7820118C8A}"
EndProject
Project("{FAE04EC0-301F-11D3-BF4B-00C04F79EFBC}") = "SessionGuard.Infrastructure", "src\SessionGuard.Infrastructure\SessionGuard.Infrastructure.csproj", "{B5B3EAA2-EB1C-41FD-AD5F-738E5E5FFF1B}"
EndProject
Project("{FAE04EC0-301F-11D3-BF4B-00C04F79EFBC}") = "SessionGuard.Tests", "tests\SessionGuard.Tests\SessionGuard.Tests.csproj", "{0280B961-AE21-45B2-8E04-1AA04C7476BE}"
EndProject
Global
	GlobalSection(SolutionConfigurationPlatforms) = preSolution
		Debug|Any CPU = Debug|Any CPU
		Debug|x64 = Debug|x64
		Debug|x86 = Debug|x86
		Release|Any CPU = Release|Any CPU
		Release|x64 = Release|x64
		Release|x86 = Release|x86
	EndGlobalSection
	GlobalSection(ProjectConfigurationPlatforms) = postSolution
		{7FB4B8C8-E6CD-499A-884C-6742D0A1E8A8}.Debug|Any CPU.ActiveCfg = Debug|Any CPU
		{7FB4B8C8-E6CD-499A-884C-6742D0A1E8A8}.Debug|Any CPU.Build.0 = Debug|Any CPU
		{7FB4B8C8-E6CD-499A-884C-6742D0A1E8A8}.Debug|x64.ActiveCfg = Debug|Any CPU
		{7FB4B8C8-E6CD-499A-884C-6742D0A1E8A8}.Debug|x64.Build.0 = Debug|Any CPU
		{7FB4B8C8-E6CD-499A-884C-6742D0A1E8A8}.Debug|x86.ActiveCfg = Debug|Any CPU
		{7FB4B8C8-E6CD-499A-884C-6742D0A1E8A8}.Debug|x86.Build.0 = Debug|Any CPU
		{7FB4B8C8-E6CD-499A-884C-6742D0A1E8A8}.Release|Any CPU.ActiveCfg = Release|Any CPU
		{7FB4B8C8-E6CD-499A-884C-6742D0A1E8A8}.Release|Any CPU.Build.0 = Release|Any CPU
		{7FB4B8C8-E6CD-499A-884C-6742D0A1E8A8}.Release|x64.ActiveCfg = Release|Any CPU
		{7FB4B8C8-E6CD-499A-884C-6742D0A1E8A8}.Release|x64.Build.0 = Release|Any CPU
		{7FB4B8C8-E6CD-499A-884C-6742D0A1E8A8}.Release|x86.ActiveCfg = Release|Any CPU
		{7FB4B8C8-E6CD-499A-884C-6742D0A1E8A8}.Release|x86.Build.0 = Release|Any CPU
		{8ACF20C4-2DF5-4857-96F5-2A7820118C8A}.Debug|Any CPU.ActiveCfg = Debug|Any CPU
		{8ACF20C4-2DF5-4857-96F5-2A7820118C8A}.Debug|Any CPU.Build.0 = Debug|Any CPU
		{8ACF20C4-2DF5-4857-96F5-2A7820118C8A}.Debug|x64.ActiveCfg = Debug|Any CPU
		{8ACF20C4-2DF5-4857-96F5-2A7820118C8A}.Debug|x64.Build.0 = Debug|Any CPU
		{8ACF20C4-2DF5-4857-96F5-2A7820118C8A}.Debug|x86.ActiveCfg = Debug|Any CPU
		{8ACF20C4-2DF5-4857-96F5-2A7820118C8A}.Debug|x86.Build.0 = Debug|Any CPU
		{8ACF20C4-2DF5-4857-96F5-2A7820118C8A}.Release|Any CPU.ActiveCfg = Release|Any CPU
		{8ACF20C4-2DF5-4857-96F5-2A7820118C8A}.Release|Any CPU.Build.0 = Release|Any CPU
		{8ACF20C4-2DF5-4857-96F5-2A7820118C8A}.Release|x64.ActiveCfg = Release|Any CPU
		{8ACF20C4-2DF5-4857-96F5-2A7820118C8A}.Release|x64.Build.0 = Release|Any CPU
		{8ACF20C4-2DF5-4857-96F5-2A7820118C8A}.Release|x86.ActiveCfg = Release|Any CPU
		{8ACF20C4-2DF5-4857-96F5-2A7820118C8A}.Release|x86.Build.0 = Release|Any CPU
		{B5B3EAA2-EB1C-41FD-AD5F-738E5E5FFF1B}.Debug|Any CPU.ActiveCfg = Debug|Any CPU
		{B5B3EAA2-EB1C-41FD-AD5F-738E5E5FFF1B}.Debug|Any CPU.Build.0 = Debug|Any CPU
		{B5B3EAA2-EB1C-41FD-AD5F-738E5E5FFF1B}.Debug|x64.ActiveCfg = Debug|Any CPU
		{B5B3EAA2-EB1C-41FD-AD5F-738E5E5FFF1B}.Debug|x64.Build.0 = Debug|Any CPU
		{B5B3EAA2-EB1C-41FD-AD5F-738E5E5FFF1B}.Debug|x86.ActiveCfg = Debug|Any CPU
		{B5B3EAA2-EB1C-41FD-AD5F-738E5E5FFF1B}.Debug|x86.Build.0 = Debug|Any CPU
		{B5B3EAA2-EB1C-41FD-AD5F-738E5E5FFF1B}.Release|Any CPU.ActiveCfg = Release|Any CPU
		{B5B3EAA2-EB1C-41FD-AD5F-738E5E5FFF1B}.Release|Any CPU.Build.0 = Release|Any CPU
		{B5B3EAA2-EB1C-41FD-AD5F-738E5E5FFF1B}.Release|x64.ActiveCfg = Release|Any CPU
		{B5B3EAA2-EB1C-41FD-AD5F-738E5E5FFF1B}.Release|x64.Build.0 = Release|Any CPU
		{B5B3EAA2-EB1C-41FD-AD5F-738E5E5FFF1B}.Release|x86.ActiveCfg = Release|Any CPU
		{B5B3EAA2-EB1C-41FD-AD5F-738E5E5FFF1B}.Release|x86.Build.0 = Release|Any CPU
		{0280B961-AE21-45B2-8E04-1AA04C7476BE}.Debug|Any CPU.ActiveCfg = Debug|Any CPU
		{0280B961-AE21-45B2-8E04-1AA04C7476BE}.Debug|Any CPU.Build.0 = Debug|Any CPU
		{0280B961-AE21-45B2-8E04-1AA04C7476BE}.Debug|x64.ActiveCfg = Debug|Any CPU
		{0280B961-AE21-45B2-8E04-1AA04C7476BE}.Debug|x64.Build.0 = Debug|Any CPU
		{0280B961-AE21-45B2-8E04-1AA04C7476BE}.Debug|x86.ActiveCfg = Debug|Any CPU
		{0280B961-AE21-45B2-8E04-1AA04C7476BE}.Debug|x86.Build.0 = Debug|Any CPU
		{0280B961-AE21-45B2-8E04-1AA04C7476BE}.Release|Any CPU.ActiveCfg = Release|Any CPU
		{0280B961-AE21-45B2-8E04-1AA04C7476BE}.Release|Any CPU.Build.0 = Release|Any CPU
		{0280B961-AE21-45B2-8E04-1AA04C7476BE}.Release|x64.ActiveCfg = Release|Any CPU
		{0280B961-AE21-45B2-8E04-1AA04C7476BE}.Release|x64.Build.0 = Release|Any CPU
		{0280B961-AE21-45B2-8E04-1AA04C7476BE}.Release|x86.ActiveCfg = Release|Any CPU
		{0280B961-AE21-45B2-8E04-1AA04C7476BE}.Release|x86.Build.0 = Release|Any CPU
	EndGlobalSection
	GlobalSection(SolutionProperties) = preSolution
		HideSolutionNode = FALSE
	EndGlobalSection
	GlobalSection(NestedProjects) = preSolution
		{7FB4B8C8-E6CD-499A-884C-6742D0A1E8A8} = {827E0CD3-B72D-47B6-A68D-7590B98EB39B}
		{8ACF20C4-2DF5-4857-96F5-2A7820118C8A} = {827E0CD3-B72D-47B6-A68D-7590B98EB39B}
		{B5B3EAA2-EB1C-41FD-AD5F-738E5E5FFF1B} = {827E0CD3-B72D-47B6-A68D-7590B98EB39B}
		{0280B961-AE21-45B2-8E04-1AA04C7476BE} = {827E0CD3-B72D-47B6-A68D-7590B98EB39B}
	EndGlobalSection
EndGlobal
